{
  "version": 4,
  "terraform_version": "1.8.5",
  "serial": 563,
  "lineage": "1c2e7785-fd5d-aa09-2988-e36341b5dc10",
  "outputs": {
    "centos_fqdns": {
      "value": [
        "n01672273-c-vm-1.canadacentral.cloudapp.azure.com",
        "n01672273-c-vm-2.canadacentral.cloudapp.azure.com"
      ],
      "type": [
        "tuple",
        [
          "string",
          "string"
        ]
      ]
    },
    "centos_hostnames": {
      "value": [
        "n01672273-c-vm1",
        "n01672273-c-vm2"
      ],
      "type": [
        "tuple",
        [
          "string",
          "string"
        ]
      ]
    },
    "centos_private_ip_addresses": {
      "value": [
        "10.0.0.5",
        "10.0.0.4"
      ],
      "type": [
        "tuple",
        [
          "string",
          "string"
        ]
      ]
    },
    "centos_public_ip_addresses": {
      "value": [
        "",
        ""
      ],
      "type": [
        "tuple",
        [
          "string",
          "string"
        ]
      ]
    },
    "linux_resource_group_name": {
      "value": "linux-rg",
      "type": "string"
    },
    "network_resource_group_name": {
      "value": "network-rg",
      "type": "string"
    },
    "nsg1_name": {
      "value": "network-nsg1",
      "type": "string"
    },
    "nsg2_name": {
      "value": "network-nsg2",
      "type": "string"
    },
    "subnet1_address_space": {
      "value": "10.0.0.0/24",
      "type": "string"
    },
    "subnet1_name": {
      "value": "network-subnet1",
      "type": "string"
    },
    "subnet2_address_space": {
      "value": "10.0.1.0/24",
      "type": "string"
    },
    "subnet2_name": {
      "value": "network-subnet2",
      "type": "string"
    },
    "vnet_address_space": {
      "value": "10.0.0.0/16",
      "type": "string"
    },
    "vnet_name": {
      "value": "network-vnet",
      "type": "string"
    },
    "windows_fqdn": {
      "value": "n01672273-w-vm-1.canadacentral.cloudapp.azure.com",
      "type": "string"
    },
    "windows_hostname": {
      "value": "n01672273-w-vm1",
      "type": "string"
    },
    "windows_private_ip_address": {
      "value": "10.0.1.4",
      "type": "string"
    },
    "windows_public_ip_address": {
      "value": "",
      "type": "string"
    },
    "windows_resource_group_name": {
      "value": "windows-rg",
      "type": "string"
    }
  },
  "resources": [
    {
      "module": "module.linux_vms",
      "mode": "managed",
      "type": "azurerm_availability_set",
      "name": "linux_avs",
      "provider": "provider[\"registry.terraform.io/hashicorp/azurerm\"]",
      "instances": [
        {
          "schema_version": 0,
          "attributes": {
            "id": "/subscriptions/3d97f65a-afbb-4425-a348-09a93517d949/resourceGroups/linux-rg/providers/Microsoft.Compute/availabilitySets/centos_availability_set",
            "location": "canadacentral",
            "managed": true,
            "name": "centos_availability_set",
            "platform_fault_domain_count": 2,
            "platform_update_domain_count": 5,
            "proximity_placement_group_id": null,
            "resource_group_name": "linux-rg",
            "tags": null,
            "timeouts": null
          },
          "sensitive_attributes": [],
          "private": "eyJlMmJmYjczMC1lY2FhLTExZTYtOGY4OC0zNDM2M2JjN2M0YzAiOnsiY3JlYXRlIjoxODAwMDAwMDAwMDAwLCJkZWxldGUiOjE4MDAwMDAwMDAwMDAsInJlYWQiOjMwMDAwMDAwMDAwMCwidXBkYXRlIjoxODAwMDAwMDAwMDAwfX0=",
          "dependencies": [
            "module.resource_groups.azurerm_resource_group.linux_rg"
          ]
        }
      ]
    },
    {
      "module": "module.linux_vms",
      "mode": "managed",
      "type": "azurerm_linux_virtual_machine",
      "name": "linux_vm",
      "provider": "provider[\"registry.terraform.io/hashicorp/azurerm\"]",
      "instances": [
        {
          "index_key": 0,
          "schema_version": 0,
          "attributes": {
            "additional_capabilities": [],
            "admin_password": null,
            "admin_ssh_key": [
              {
                "public_key": "ssh-rsa AAAAB3NzaC1yc2EAAAADAQABAAABgQC/fIxTXKfa0o8EuBifJ53hJw7HbuTCX7a1vBSwfG5hRSJM2beqIqazzvKsCq+Xy3IudAKCliwN/Sma2z9KpUzoiVt1iCHzqUWHAbaIJo54jfC44RcKFcB831VRqxh2mcCnRG7+NPXoWB13YM4YfWhBlACn0TA8gHwrBUDkVxmleUm6th6aWDvMH2SJhA49KUXs/ckNmmmCXrjR6r6ajrD4+FCmGSt2fpLGCvZ+ZyduNoX53XmvqPeF3K7H5TYbdXWQXNB/3iykPMRNf/WJ5A/T7oZ6BLpoMg07c6ph2uPPZhKO/kv8ddR6kwZ1yrbKk8L3VOGVy1jsMMw4cMH6ovnguoed24xvzlsCyw936OEw6sv/9IpnxpE9J2FCEdlEYLUSTtAVTG1yu6Yxl6gm8iWqvXc/rHBclLBQkaKitMnu7/kMZVKmcXLeRssT43xbxOohwv4iW2RpQQj/JhJO058RnF0ZWq8miNQYaKpf3c9w0ua+XR9iNGRViXklkvh2Ft8= n01672273@AMET\n",
                "username": "n01672273"
              }
            ],
            "admin_username": "n01672273",
            "allow_extension_operations": true,
            "availability_set_id": "/subscriptions/3d97f65a-afbb-4425-a348-09a93517d949/resourceGroups/linux-rg/providers/Microsoft.Compute/availabilitySets/CENTOS_AVAILABILITY_SET",
            "boot_diagnostics": [],
            "bypass_platform_safety_checks_on_user_schedule_enabled": false,
            "capacity_reservation_group_id": "",
            "computer_name": "n01672273-c-vm1",
            "custom_data": null,
            "dedicated_host_group_id": "",
            "dedicated_host_id": "",
            "disable_password_authentication": true,
            "disk_controller_type": "",
            "edge_zone": "",
            "encryption_at_host_enabled": false,
            "eviction_policy": "",
            "extensions_time_budget": "PT1H30M",
            "gallery_application": [],
            "id": "/subscriptions/3d97f65a-afbb-4425-a348-09a93517d949/resourceGroups/linux-rg/providers/Microsoft.Compute/virtualMachines/n01672273-c-vm1",
            "identity": [],
            "license_type": "",
            "location": "canadacentral",
            "max_bid_price": -1,
            "name": "n01672273-c-vm1",
            "network_interface_ids": [
              "/subscriptions/3d97f65a-afbb-4425-a348-09a93517d949/resourceGroups/linux-rg/providers/Microsoft.Network/networkInterfaces/n01672273-c-vm-nic-1"
            ],
            "os_disk": [
              {
                "caching": "ReadWrite",
                "diff_disk_settings": [],
                "disk_encryption_set_id": "",
                "disk_size_gb": 32,
                "name": "n01672273-c-vm-os-disk-1",
                "secure_vm_disk_encryption_set_id": "",
                "security_encryption_type": "",
                "storage_account_type": "Premium_LRS",
                "write_accelerator_enabled": false
              }
            ],
            "os_image_notification": [],
            "patch_assessment_mode": "ImageDefault",
            "patch_mode": "ImageDefault",
            "plan": [],
            "platform_fault_domain": -1,
            "priority": "Regular",
            "private_ip_address": "10.0.0.5",
            "private_ip_addresses": [
              "10.0.0.5"
            ],
            "provision_vm_agent": true,
            "proximity_placement_group_id": "",
            "public_ip_address": "4.206.88.27",
            "public_ip_addresses": [
              "4.206.88.27"
            ],
            "reboot_setting": "",
            "resource_group_name": "linux-rg",
            "secret": [],
            "secure_boot_enabled": false,
            "size": "Standard_B1s",
            "source_image_id": "",
            "source_image_reference": [
              {
                "offer": "CentOS",
                "publisher": "OpenLogic",
                "sku": "8_2",
                "version": "latest"
              }
            ],
            "tags": null,
            "termination_notification": null,
            "timeouts": null,
            "user_data": "",
            "virtual_machine_id": "f64489c5-1e43-4a2e-b79b-8000a82bd0ac",
            "virtual_machine_scale_set_id": "",
            "vm_agent_platform_updates_enabled": false,
            "vtpm_enabled": false,
            "zone": ""
          },
          "sensitive_attributes": [
            [
              {
                "type": "get_attr",
                "value": "custom_data"
              }
            ],
            [
              {
                "type": "get_attr",
                "value": "admin_password"
              }
            ]
          ],
          "private": "eyJlMmJmYjczMC1lY2FhLTExZTYtOGY4OC0zNDM2M2JjN2M0YzAiOnsiY3JlYXRlIjoyNzAwMDAwMDAwMDAwLCJkZWxldGUiOjI3MDAwMDAwMDAwMDAsInJlYWQiOjMwMDAwMDAwMDAwMCwidXBkYXRlIjoyNzAwMDAwMDAwMDAwfX0=",
          "dependencies": [
            "module.linux_vms.azurerm_availability_set.linux_avs",
            "module.linux_vms.azurerm_network_interface.linux_nic",
            "module.linux_vms.azurerm_public_ip.linux_public_ip",
            "module.network.azurerm_subnet.subnet1",
            "module.network.azurerm_virtual_network.vnet",
            "module.resource_groups.azurerm_resource_group.linux_rg",
            "module.resource_groups.azurerm_resource_group.network_rg"
          ]
        },
        {
          "index_key": 1,
          "schema_version": 0,
          "attributes": {
            "additional_capabilities": [],
            "admin_password": null,
            "admin_ssh_key": [
              {
                "public_key": "ssh-rsa AAAAB3NzaC1yc2EAAAADAQABAAABgQC/fIxTXKfa0o8EuBifJ53hJw7HbuTCX7a1vBSwfG5hRSJM2beqIqazzvKsCq+Xy3IudAKCliwN/Sma2z9KpUzoiVt1iCHzqUWHAbaIJo54jfC44RcKFcB831VRqxh2mcCnRG7+NPXoWB13YM4YfWhBlACn0TA8gHwrBUDkVxmleUm6th6aWDvMH2SJhA49KUXs/ckNmmmCXrjR6r6ajrD4+FCmGSt2fpLGCvZ+ZyduNoX53XmvqPeF3K7H5TYbdXWQXNB/3iykPMRNf/WJ5A/T7oZ6BLpoMg07c6ph2uPPZhKO/kv8ddR6kwZ1yrbKk8L3VOGVy1jsMMw4cMH6ovnguoed24xvzlsCyw936OEw6sv/9IpnxpE9J2FCEdlEYLUSTtAVTG1yu6Yxl6gm8iWqvXc/rHBclLBQkaKitMnu7/kMZVKmcXLeRssT43xbxOohwv4iW2RpQQj/JhJO058RnF0ZWq8miNQYaKpf3c9w0ua+XR9iNGRViXklkvh2Ft8= n01672273@AMET\n",
                "username": "n01672273"
              }
            ],
            "admin_username": "n01672273",
            "allow_extension_operations": true,
            "availability_set_id": "/subscriptions/3d97f65a-afbb-4425-a348-09a93517d949/resourceGroups/linux-rg/providers/Microsoft.Compute/availabilitySets/CENTOS_AVAILABILITY_SET",
            "boot_diagnostics": [],
            "bypass_platform_safety_checks_on_user_schedule_enabled": false,
            "capacity_reservation_group_id": "",
            "computer_name": "n01672273-c-vm2",
            "custom_data": null,
            "dedicated_host_group_id": "",
            "dedicated_host_id": "",
            "disable_password_authentication": true,
            "disk_controller_type": "",
            "edge_zone": "",
            "encryption_at_host_enabled": false,
            "eviction_policy": "",
            "extensions_time_budget": "PT1H30M",
            "gallery_application": [],
            "id": "/subscriptions/3d97f65a-afbb-4425-a348-09a93517d949/resourceGroups/linux-rg/providers/Microsoft.Compute/virtualMachines/n01672273-c-vm2",
            "identity": [],
            "license_type": "",
            "location": "canadacentral",
            "max_bid_price": -1,
            "name": "n01672273-c-vm2",
            "network_interface_ids": [
              "/subscriptions/3d97f65a-afbb-4425-a348-09a93517d949/resourceGroups/linux-rg/providers/Microsoft.Network/networkInterfaces/n01672273-c-vm-nic-2"
            ],
            "os_disk": [
              {
                "caching": "ReadWrite",
                "diff_disk_settings": [],
                "disk_encryption_set_id": "",
                "disk_size_gb": 32,
                "name": "n01672273-c-vm-os-disk-2",
                "secure_vm_disk_encryption_set_id": "",
                "security_encryption_type": "",
                "storage_account_type": "Premium_LRS",
                "write_accelerator_enabled": false
              }
            ],
            "os_image_notification": [],
            "patch_assessment_mode": "ImageDefault",
            "patch_mode": "ImageDefault",
            "plan": [],
            "platform_fault_domain": -1,
            "priority": "Regular",
            "private_ip_address": "10.0.0.4",
            "private_ip_addresses": [
              "10.0.0.4"
            ],
            "provision_vm_agent": true,
            "proximity_placement_group_id": "",
            "public_ip_address": "4.205.217.33",
            "public_ip_addresses": [
              "4.205.217.33"
            ],
            "reboot_setting": "",
            "resource_group_name": "linux-rg",
            "secret": [],
            "secure_boot_enabled": false,
            "size": "Standard_B1s",
            "source_image_id": "",
            "source_image_reference": [
              {
                "offer": "CentOS",
                "publisher": "OpenLogic",
                "sku": "8_2",
                "version": "latest"
              }
            ],
            "tags": null,
            "termination_notification": null,
            "timeouts": null,
            "user_data": "",
            "virtual_machine_id": "e534a306-5590-45f8-92a8-337236d909dd",
            "virtual_machine_scale_set_id": "",
            "vm_agent_platform_updates_enabled": false,
            "vtpm_enabled": false,
            "zone": ""
          },
          "sensitive_attributes": [
            [
              {
                "type": "get_attr",
                "value": "admin_password"
              }
            ],
            [
              {
                "type": "get_attr",
                "value": "custom_data"
              }
            ]
          ],
          "private": "eyJlMmJmYjczMC1lY2FhLTExZTYtOGY4OC0zNDM2M2JjN2M0YzAiOnsiY3JlYXRlIjoyNzAwMDAwMDAwMDAwLCJkZWxldGUiOjI3MDAwMDAwMDAwMDAsInJlYWQiOjMwMDAwMDAwMDAwMCwidXBkYXRlIjoyNzAwMDAwMDAwMDAwfX0=",
          "dependencies": [
            "module.linux_vms.azurerm_availability_set.linux_avs",
            "module.linux_vms.azurerm_network_interface.linux_nic",
            "module.linux_vms.azurerm_public_ip.linux_public_ip",
            "module.network.azurerm_subnet.subnet1",
            "module.network.azurerm_virtual_network.vnet",
            "module.resource_groups.azurerm_resource_group.linux_rg",
            "module.resource_groups.azurerm_resource_group.network_rg"
          ]
        }
      ]
    },
    {
      "module": "module.linux_vms",
      "mode": "managed",
      "type": "azurerm_network_interface",
      "name": "linux_nic",
      "provider": "provider[\"registry.terraform.io/hashicorp/azurerm\"]",
      "instances": [
        {
          "index_key": 0,
          "schema_version": 0,
          "attributes": {
            "accelerated_networking_enabled": false,
            "applied_dns_servers": [],
            "auxiliary_mode": "",
            "auxiliary_sku": "",
            "dns_servers": [],
            "edge_zone": "",
            "enable_accelerated_networking": false,
            "enable_ip_forwarding": false,
            "id": "/subscriptions/3d97f65a-afbb-4425-a348-09a93517d949/resourceGroups/linux-rg/providers/Microsoft.Network/networkInterfaces/n01672273-c-vm-nic-1",
            "internal_dns_name_label": "",
            "internal_domain_name_suffix": "qbqv1xshlt5edd1qfj0eqktzxc.ux.internal.cloudapp.net",
            "ip_configuration": [
              {
                "gateway_load_balancer_frontend_ip_configuration_id": "",
                "name": "n01672273-c-vm-ipconfig-1",
                "primary": true,
                "private_ip_address": "10.0.0.5",
                "private_ip_address_allocation": "Dynamic",
                "private_ip_address_version": "IPv4",
                "public_ip_address_id": "/subscriptions/3d97f65a-afbb-4425-a348-09a93517d949/resourceGroups/linux-rg/providers/Microsoft.Network/publicIPAddresses/n01672273-c-vm-pip-1",
                "subnet_id": "/subscriptions/3d97f65a-afbb-4425-a348-09a93517d949/resourceGroups/network-rg/providers/Microsoft.Network/virtualNetworks/network-vnet/subnets/network-subnet1"
              }
            ],
            "ip_forwarding_enabled": false,
            "location": "canadacentral",
            "mac_address": "",
            "name": "n01672273-c-vm-nic-1",
            "private_ip_address": "10.0.0.5",
            "private_ip_addresses": [
              "10.0.0.5"
            ],
            "resource_group_name": "linux-rg",
            "tags": null,
            "timeouts": null,
            "virtual_machine_id": ""
          },
          "sensitive_attributes": [],
          "private": "eyJlMmJmYjczMC1lY2FhLTExZTYtOGY4OC0zNDM2M2JjN2M0YzAiOnsiY3JlYXRlIjoxODAwMDAwMDAwMDAwLCJkZWxldGUiOjE4MDAwMDAwMDAwMDAsInJlYWQiOjMwMDAwMDAwMDAwMCwidXBkYXRlIjoxODAwMDAwMDAwMDAwfX0=",
          "dependencies": [
            "module.linux_vms.azurerm_public_ip.linux_public_ip",
            "module.network.azurerm_subnet.subnet1",
            "module.network.azurerm_virtual_network.vnet",
            "module.resource_groups.azurerm_resource_group.linux_rg",
            "module.resource_groups.azurerm_resource_group.network_rg"
          ]
        },
        {
          "index_key": 1,
          "schema_version": 0,
          "attributes": {
            "accelerated_networking_enabled": false,
            "applied_dns_servers": [],
            "auxiliary_mode": "",
            "auxiliary_sku": "",
            "dns_servers": [],
            "edge_zone": "",
            "enable_accelerated_networking": false,
            "enable_ip_forwarding": false,
            "id": "/subscriptions/3d97f65a-afbb-4425-a348-09a93517d949/resourceGroups/linux-rg/providers/Microsoft.Network/networkInterfaces/n01672273-c-vm-nic-2",
            "internal_dns_name_label": "",
            "internal_domain_name_suffix": "qbqv1xshlt5edd1qfj0eqktzxc.ux.internal.cloudapp.net",
            "ip_configuration": [
              {
                "gateway_load_balancer_frontend_ip_configuration_id": "",
                "name": "n01672273-c-vm-ipconfig-2",
                "primary": true,
                "private_ip_address": "10.0.0.4",
                "private_ip_address_allocation": "Dynamic",
                "private_ip_address_version": "IPv4",
                "public_ip_address_id": "/subscriptions/3d97f65a-afbb-4425-a348-09a93517d949/resourceGroups/linux-rg/providers/Microsoft.Network/publicIPAddresses/n01672273-c-vm-pip-2",
                "subnet_id": "/subscriptions/3d97f65a-afbb-4425-a348-09a93517d949/resourceGroups/network-rg/providers/Microsoft.Network/virtualNetworks/network-vnet/subnets/network-subnet1"
              }
            ],
            "ip_forwarding_enabled": false,
            "location": "canadacentral",
            "mac_address": "",
            "name": "n01672273-c-vm-nic-2",
            "private_ip_address": "10.0.0.4",
            "private_ip_addresses": [
              "10.0.0.4"
            ],
            "resource_group_name": "linux-rg",
            "tags": null,
            "timeouts": null,
            "virtual_machine_id": ""
          },
          "sensitive_attributes": [],
          "private": "eyJlMmJmYjczMC1lY2FhLTExZTYtOGY4OC0zNDM2M2JjN2M0YzAiOnsiY3JlYXRlIjoxODAwMDAwMDAwMDAwLCJkZWxldGUiOjE4MDAwMDAwMDAwMDAsInJlYWQiOjMwMDAwMDAwMDAwMCwidXBkYXRlIjoxODAwMDAwMDAwMDAwfX0=",
          "dependencies": [
            "module.linux_vms.azurerm_public_ip.linux_public_ip",
            "module.network.azurerm_subnet.subnet1",
            "module.network.azurerm_virtual_network.vnet",
            "module.resource_groups.azurerm_resource_group.linux_rg",
            "module.resource_groups.azurerm_resource_group.network_rg"
          ]
        }
      ]
    },
    {
      "module": "module.linux_vms",
      "mode": "managed",
      "type": "azurerm_public_ip",
      "name": "linux_public_ip",
      "provider": "provider[\"registry.terraform.io/hashicorp/azurerm\"]",
      "instances": [
        {
          "index_key": 0,
          "schema_version": 0,
          "attributes": {
            "allocation_method": "Dynamic",
            "ddos_protection_mode": "VirtualNetworkInherited",
            "ddos_protection_plan_id": null,
            "domain_name_label": "n01672273-c-vm-1",
            "edge_zone": "",
            "fqdn": "n01672273-c-vm-1.canadacentral.cloudapp.azure.com",
            "id": "/subscriptions/3d97f65a-afbb-4425-a348-09a93517d949/resourceGroups/linux-rg/providers/Microsoft.Network/publicIPAddresses/n01672273-c-vm-pip-1",
            "idle_timeout_in_minutes": 4,
            "ip_address": "",
            "ip_tags": null,
            "ip_version": "IPv4",
            "location": "canadacentral",
            "name": "n01672273-c-vm-pip-1",
            "public_ip_prefix_id": null,
            "resource_group_name": "linux-rg",
            "reverse_fqdn": "",
            "sku": "Basic",
            "sku_tier": "Regional",
            "tags": null,
            "timeouts": null,
            "zones": null
          },
          "sensitive_attributes": [],
          "private": "eyJlMmJmYjczMC1lY2FhLTExZTYtOGY4OC0zNDM2M2JjN2M0YzAiOnsiY3JlYXRlIjoxODAwMDAwMDAwMDAwLCJkZWxldGUiOjE4MDAwMDAwMDAwMDAsInJlYWQiOjMwMDAwMDAwMDAwMCwidXBkYXRlIjoxODAwMDAwMDAwMDAwfX0=",
          "dependencies": [
            "module.resource_groups.azurerm_resource_group.linux_rg"
          ]
        },
        {
          "index_key": 1,
          "schema_version": 0,
          "attributes": {
            "allocation_method": "Dynamic",
            "ddos_protection_mode": "VirtualNetworkInherited",
            "ddos_protection_plan_id": null,
            "domain_name_label": "n01672273-c-vm-2",
            "edge_zone": "",
            "fqdn": "n01672273-c-vm-2.canadacentral.cloudapp.azure.com",
            "id": "/subscriptions/3d97f65a-afbb-4425-a348-09a93517d949/resourceGroups/linux-rg/providers/Microsoft.Network/publicIPAddresses/n01672273-c-vm-pip-2",
            "idle_timeout_in_minutes": 4,
            "ip_address": "",
            "ip_tags": null,
            "ip_version": "IPv4",
            "location": "canadacentral",
            "name": "n01672273-c-vm-pip-2",
            "public_ip_prefix_id": null,
            "resource_group_name": "linux-rg",
            "reverse_fqdn": "",
            "sku": "Basic",
            "sku_tier": "Regional",
            "tags": null,
            "timeouts": null,
            "zones": null
          },
          "sensitive_attributes": [],
          "private": "eyJlMmJmYjczMC1lY2FhLTExZTYtOGY4OC0zNDM2M2JjN2M0YzAiOnsiY3JlYXRlIjoxODAwMDAwMDAwMDAwLCJkZWxldGUiOjE4MDAwMDAwMDAwMDAsInJlYWQiOjMwMDAwMDAwMDAwMCwidXBkYXRlIjoxODAwMDAwMDAwMDAwfX0=",
          "dependencies": [
            "module.resource_groups.azurerm_resource_group.linux_rg"
          ]
        }
      ]
    },
    {
      "module": "module.linux_vms",
      "mode": "managed",
      "type": "null_resource",
      "name": "linux_provisioner",
      "provider": "provider[\"registry.terraform.io/hashicorp/null\"]",
      "instances": [
        {
          "index_key": 0,
          "status": "tainted",
          "schema_version": 0,
          "attributes": {
            "id": "4184686847882852436",
            "triggers": null
          },
          "sensitive_attributes": [],
          "dependencies": [
            "module.linux_vms.azurerm_availability_set.linux_avs",
            "module.linux_vms.azurerm_linux_virtual_machine.linux_vm",
            "module.linux_vms.azurerm_network_interface.linux_nic",
            "module.linux_vms.azurerm_public_ip.linux_public_ip",
            "module.network.azurerm_subnet.subnet1",
            "module.network.azurerm_virtual_network.vnet",
            "module.resource_groups.azurerm_resource_group.linux_rg",
            "module.resource_groups.azurerm_resource_group.network_rg"
          ]
        },
        {
          "index_key": 1,
          "status": "tainted",
          "schema_version": 0,
          "attributes": {
            "id": "8925507575430879312",
            "triggers": null
          },
          "sensitive_attributes": [],
          "dependencies": [
            "module.linux_vms.azurerm_availability_set.linux_avs",
            "module.linux_vms.azurerm_linux_virtual_machine.linux_vm",
            "module.linux_vms.azurerm_network_interface.linux_nic",
            "module.linux_vms.azurerm_public_ip.linux_public_ip",
            "module.network.azurerm_subnet.subnet1",
            "module.network.azurerm_virtual_network.vnet",
            "module.resource_groups.azurerm_resource_group.linux_rg",
            "module.resource_groups.azurerm_resource_group.network_rg"
          ]
        }
      ]
    },
    {
      "module": "module.network",
      "mode": "managed",
      "type": "azurerm_network_security_group",
      "name": "nsg1",
      "provider": "provider[\"registry.terraform.io/hashicorp/azurerm\"]",
      "instances": [
        {
          "schema_version": 0,
          "attributes": {
            "id": "/subscriptions/3d97f65a-afbb-4425-a348-09a93517d949/resourceGroups/network-rg/providers/Microsoft.Network/networkSecurityGroups/network-nsg1",
            "location": "canadacentral",
            "name": "network-nsg1",
            "resource_group_name": "network-rg",
            "security_rule": [
              {
                "access": "Allow",
                "description": "",
                "destination_address_prefix": "*",
                "destination_address_prefixes": [],
                "destination_application_security_group_ids": [],
                "destination_port_range": "22",
                "destination_port_ranges": [],
                "direction": "Inbound",
                "name": "rule1",
                "priority": 100,
                "protocol": "Tcp",
                "source_address_prefix": "*",
                "source_address_prefixes": [],
                "source_application_security_group_ids": [],
                "source_port_range": "*",
                "source_port_ranges": []
              }
            ],
            "tags": null,
            "timeouts": null
          },
          "sensitive_attributes": [],
          "private": "eyJlMmJmYjczMC1lY2FhLTExZTYtOGY4OC0zNDM2M2JjN2M0YzAiOnsiY3JlYXRlIjoxODAwMDAwMDAwMDAwLCJkZWxldGUiOjE4MDAwMDAwMDAwMDAsInJlYWQiOjMwMDAwMDAwMDAwMCwidXBkYXRlIjoxODAwMDAwMDAwMDAwfX0=",
          "dependencies": [
            "module.resource_groups.azurerm_resource_group.network_rg"
          ]
        }
      ]
    },
    {
      "module": "module.network",
      "mode": "managed",
      "type": "azurerm_network_security_group",
      "name": "nsg2",
      "provider": "provider[\"registry.terraform.io/hashicorp/azurerm\"]",
      "instances": [
        {
          "schema_version": 0,
          "attributes": {
            "id": "/subscriptions/3d97f65a-afbb-4425-a348-09a93517d949/resourceGroups/network-rg/providers/Microsoft.Network/networkSecurityGroups/network-nsg2",
            "location": "canadacentral",
            "name": "network-nsg2",
            "resource_group_name": "network-rg",
            "security_rule": [
              {
                "access": "Allow",
                "description": "",
                "destination_address_prefix": "*",
                "destination_address_prefixes": [],
                "destination_application_security_group_ids": [],
                "destination_port_range": "3389",
                "destination_port_ranges": [],
                "direction": "Inbound",
                "name": "rule1",
                "priority": 100,
                "protocol": "Tcp",
                "source_address_prefix": "*",
                "source_address_prefixes": [],
                "source_application_security_group_ids": [],
                "source_port_range": "*",
                "source_port_ranges": []
              },
              {
                "access": "Allow",
                "description": "",
                "destination_address_prefix": "*",
                "destination_address_prefixes": [],
                "destination_application_security_group_ids": [],
                "destination_port_range": "5985",
                "destination_port_ranges": [],
                "direction": "Inbound",
                "name": "rule2",
                "priority": 110,
                "protocol": "Tcp",
                "source_address_prefix": "*",
                "source_address_prefixes": [],
                "source_application_security_group_ids": [],
                "source_port_range": "*",
                "source_port_ranges": []
              }
            ],
            "tags": null,
            "timeouts": null
          },
          "sensitive_attributes": [],
          "private": "eyJlMmJmYjczMC1lY2FhLTExZTYtOGY4OC0zNDM2M2JjN2M0YzAiOnsiY3JlYXRlIjoxODAwMDAwMDAwMDAwLCJkZWxldGUiOjE4MDAwMDAwMDAwMDAsInJlYWQiOjMwMDAwMDAwMDAwMCwidXBkYXRlIjoxODAwMDAwMDAwMDAwfX0=",
          "dependencies": [
            "module.resource_groups.azurerm_resource_group.network_rg"
          ]
        }
      ]
    },
    {
      "module": "module.network",
      "mode": "managed",
      "type": "azurerm_subnet",
      "name": "subnet1",
      "provider": "provider[\"registry.terraform.io/hashicorp/azurerm\"]",
      "instances": [
        {
          "schema_version": 0,
          "attributes": {
            "address_prefixes": [
              "10.0.0.0/24"
            ],
            "default_outbound_access_enabled": true,
            "delegation": [],
            "enforce_private_link_endpoint_network_policies": false,
            "enforce_private_link_service_network_policies": false,
            "id": "/subscriptions/3d97f65a-afbb-4425-a348-09a93517d949/resourceGroups/network-rg/providers/Microsoft.Network/virtualNetworks/network-vnet/subnets/network-subnet1",
            "name": "network-subnet1",
            "private_endpoint_network_policies": "Enabled",
            "private_endpoint_network_policies_enabled": true,
            "private_link_service_network_policies_enabled": true,
            "resource_group_name": "network-rg",
            "service_endpoint_policy_ids": null,
            "service_endpoints": null,
            "timeouts": null,
            "virtual_network_name": "network-vnet"
          },
          "sensitive_attributes": [],
          "private": "eyJlMmJmYjczMC1lY2FhLTExZTYtOGY4OC0zNDM2M2JjN2M0YzAiOnsiY3JlYXRlIjoxODAwMDAwMDAwMDAwLCJkZWxldGUiOjE4MDAwMDAwMDAwMDAsInJlYWQiOjMwMDAwMDAwMDAwMCwidXBkYXRlIjoxODAwMDAwMDAwMDAwfX0=",
          "dependencies": [
            "module.network.azurerm_virtual_network.vnet",
            "module.resource_groups.azurerm_resource_group.network_rg"
          ]
        }
      ]
    },
    {
      "module": "module.network",
      "mode": "managed",
      "type": "azurerm_subnet",
      "name": "subnet2",
      "provider": "provider[\"registry.terraform.io/hashicorp/azurerm\"]",
      "instances": [
        {
          "schema_version": 0,
          "attributes": {
            "address_prefixes": [
              "10.0.1.0/24"
            ],
            "default_outbound_access_enabled": true,
            "delegation": [],
            "enforce_private_link_endpoint_network_policies": false,
            "enforce_private_link_service_network_policies": false,
            "id": "/subscriptions/3d97f65a-afbb-4425-a348-09a93517d949/resourceGroups/network-rg/providers/Microsoft.Network/virtualNetworks/network-vnet/subnets/network-subnet2",
            "name": "network-subnet2",
            "private_endpoint_network_policies": "Enabled",
            "private_endpoint_network_policies_enabled": true,
            "private_link_service_network_policies_enabled": true,
            "resource_group_name": "network-rg",
            "service_endpoint_policy_ids": null,
            "service_endpoints": null,
            "timeouts": null,
            "virtual_network_name": "network-vnet"
          },
          "sensitive_attributes": [],
          "private": "eyJlMmJmYjczMC1lY2FhLTExZTYtOGY4OC0zNDM2M2JjN2M0YzAiOnsiY3JlYXRlIjoxODAwMDAwMDAwMDAwLCJkZWxldGUiOjE4MDAwMDAwMDAwMDAsInJlYWQiOjMwMDAwMDAwMDAwMCwidXBkYXRlIjoxODAwMDAwMDAwMDAwfX0=",
          "dependencies": [
            "module.network.azurerm_virtual_network.vnet",
            "module.resource_groups.azurerm_resource_group.network_rg"
          ]
        }
      ]
    },
    {
      "module": "module.network",
      "mode": "managed",
      "type": "azurerm_subnet_network_security_group_association",
      "name": "subnet1_nsg_association",
      "provider": "provider[\"registry.terraform.io/hashicorp/azurerm\"]",
      "instances": [
        {
          "schema_version": 0,
          "attributes": {
            "id": "/subscriptions/3d97f65a-afbb-4425-a348-09a93517d949/resourceGroups/network-rg/providers/Microsoft.Network/virtualNetworks/network-vnet/subnets/network-subnet1",
            "network_security_group_id": "/subscriptions/3d97f65a-afbb-4425-a348-09a93517d949/resourceGroups/network-rg/providers/Microsoft.Network/networkSecurityGroups/network-nsg1",
            "subnet_id": "/subscriptions/3d97f65a-afbb-4425-a348-09a93517d949/resourceGroups/network-rg/providers/Microsoft.Network/virtualNetworks/network-vnet/subnets/network-subnet1",
            "timeouts": null
          },
          "sensitive_attributes": [],
          "private": "eyJlMmJmYjczMC1lY2FhLTExZTYtOGY4OC0zNDM2M2JjN2M0YzAiOnsiY3JlYXRlIjoxODAwMDAwMDAwMDAwLCJkZWxldGUiOjE4MDAwMDAwMDAwMDAsInJlYWQiOjMwMDAwMDAwMDAwMH19",
          "dependencies": [
            "module.network.azurerm_network_security_group.nsg1",
            "module.network.azurerm_subnet.subnet1",
            "module.network.azurerm_virtual_network.vnet",
            "module.resource_groups.azurerm_resource_group.network_rg"
          ]
        }
      ]
    },
    {
      "module": "module.network",
      "mode": "managed",
      "type": "azurerm_subnet_network_security_group_association",
      "name": "subnet2_nsg_association",
      "provider": "provider[\"registry.terraform.io/hashicorp/azurerm\"]",
      "instances": [
        {
          "schema_version": 0,
          "attributes": {
            "id": "/subscriptions/3d97f65a-afbb-4425-a348-09a93517d949/resourceGroups/network-rg/providers/Microsoft.Network/virtualNetworks/network-vnet/subnets/network-subnet2",
            "network_security_group_id": "/subscriptions/3d97f65a-afbb-4425-a348-09a93517d949/resourceGroups/network-rg/providers/Microsoft.Network/networkSecurityGroups/network-nsg2",
            "subnet_id": "/subscriptions/3d97f65a-afbb-4425-a348-09a93517d949/resourceGroups/network-rg/providers/Microsoft.Network/virtualNetworks/network-vnet/subnets/network-subnet2",
            "timeouts": null
          },
          "sensitive_attributes": [],
          "private": "eyJlMmJmYjczMC1lY2FhLTExZTYtOGY4OC0zNDM2M2JjN2M0YzAiOnsiY3JlYXRlIjoxODAwMDAwMDAwMDAwLCJkZWxldGUiOjE4MDAwMDAwMDAwMDAsInJlYWQiOjMwMDAwMDAwMDAwMH19",
          "dependencies": [
            "module.network.azurerm_network_security_group.nsg2",
            "module.network.azurerm_subnet.subnet2",
            "module.network.azurerm_virtual_network.vnet",
            "module.resource_groups.azurerm_resource_group.network_rg"
          ]
        }
      ]
    },
    {
      "module": "module.network",
      "mode": "managed",
      "type": "azurerm_virtual_network",
      "name": "vnet",
      "provider": "provider[\"registry.terraform.io/hashicorp/azurerm\"]",
      "instances": [
        {
          "schema_version": 0,
          "attributes": {
            "address_space": [
              "10.0.0.0/16"
            ],
            "bgp_community": "",
            "ddos_protection_plan": [],
            "dns_servers": [],
            "edge_zone": "",
            "encryption": [],
            "flow_timeout_in_minutes": 0,
            "guid": "de5d6180-5c47-41fe-8f70-2a74482a79ba",
            "id": "/subscriptions/3d97f65a-afbb-4425-a348-09a93517d949/resourceGroups/network-rg/providers/Microsoft.Network/virtualNetworks/network-vnet",
            "location": "canadacentral",
            "name": "network-vnet",
            "resource_group_name": "network-rg",
            "subnet": [],
            "tags": null,
            "timeouts": null
          },
          "sensitive_attributes": [],
          "private": "eyJlMmJmYjczMC1lY2FhLTExZTYtOGY4OC0zNDM2M2JjN2M0YzAiOnsiY3JlYXRlIjoxODAwMDAwMDAwMDAwLCJkZWxldGUiOjE4MDAwMDAwMDAwMDAsInJlYWQiOjMwMDAwMDAwMDAwMCwidXBkYXRlIjoxODAwMDAwMDAwMDAwfX0=",
          "dependencies": [
            "module.resource_groups.azurerm_resource_group.network_rg"
          ]
        }
      ]
    },
    {
      "module": "module.resource_groups",
      "mode": "managed",
      "type": "azurerm_resource_group",
      "name": "linux_rg",
      "provider": "provider[\"registry.terraform.io/hashicorp/azurerm\"]",
      "instances": [
        {
          "schema_version": 0,
          "attributes": {
            "id": "/subscriptions/3d97f65a-afbb-4425-a348-09a93517d949/resourceGroups/linux-rg",
            "location": "canadacentral",
            "managed_by": "",
            "name": "linux-rg",
            "tags": null,
            "timeouts": null
          },
          "sensitive_attributes": [],
          "private": "eyJlMmJmYjczMC1lY2FhLTExZTYtOGY4OC0zNDM2M2JjN2M0YzAiOnsiY3JlYXRlIjo1NDAwMDAwMDAwMDAwLCJkZWxldGUiOjU0MDAwMDAwMDAwMDAsInJlYWQiOjMwMDAwMDAwMDAwMCwidXBkYXRlIjo1NDAwMDAwMDAwMDAwfX0="
        }
      ]
    },
    {
      "module": "module.resource_groups",
      "mode": "managed",
      "type": "azurerm_resource_group",
      "name": "network_rg",
      "provider": "provider[\"registry.terraform.io/hashicorp/azurerm\"]",
      "instances": [
        {
          "schema_version": 0,
          "attributes": {
            "id": "/subscriptions/3d97f65a-afbb-4425-a348-09a93517d949/resourceGroups/network-rg",
            "location": "canadacentral",
            "managed_by": "",
            "name": "network-rg",
            "tags": null,
            "timeouts": null
          },
          "sensitive_attributes": [],
          "private": "eyJlMmJmYjczMC1lY2FhLTExZTYtOGY4OC0zNDM2M2JjN2M0YzAiOnsiY3JlYXRlIjo1NDAwMDAwMDAwMDAwLCJkZWxldGUiOjU0MDAwMDAwMDAwMDAsInJlYWQiOjMwMDAwMDAwMDAwMCwidXBkYXRlIjo1NDAwMDAwMDAwMDAwfX0="
        }
      ]
    },
    {
      "module": "module.resource_groups",
      "mode": "managed",
      "type": "azurerm_resource_group",
      "name": "windows_rg",
      "provider": "provider[\"registry.terraform.io/hashicorp/azurerm\"]",
      "instances": [
        {
          "schema_version": 0,
          "attributes": {
            "id": "/subscriptions/3d97f65a-afbb-4425-a348-09a93517d949/resourceGroups/windows-rg",
            "location": "canadacentral",
            "managed_by": "",
            "name": "windows-rg",
            "tags": null,
            "timeouts": null
          },
          "sensitive_attributes": [],
          "private": "eyJlMmJmYjczMC1lY2FhLTExZTYtOGY4OC0zNDM2M2JjN2M0YzAiOnsiY3JlYXRlIjo1NDAwMDAwMDAwMDAwLCJkZWxldGUiOjU0MDAwMDAwMDAwMDAsInJlYWQiOjMwMDAwMDAwMDAwMCwidXBkYXRlIjo1NDAwMDAwMDAwMDAwfX0="
        }
      ]
    },
    {
      "module": "module.windows_vms",
      "mode": "managed",
      "type": "azurerm_availability_set",
      "name": "windows_avs",
      "provider": "provider[\"registry.terraform.io/hashicorp/azurerm\"]",
      "instances": [
        {
          "schema_version": 0,
          "attributes": {
            "id": "/subscriptions/3d97f65a-afbb-4425-a348-09a93517d949/resourceGroups/windows-rg/providers/Microsoft.Compute/availabilitySets/windows_availability_set",
            "location": "canadacentral",
            "managed": true,
            "name": "windows_availability_set",
            "platform_fault_domain_count": 2,
            "platform_update_domain_count": 5,
            "proximity_placement_group_id": null,
            "resource_group_name": "windows-rg",
            "tags": null,
            "timeouts": null
          },
          "sensitive_attributes": [],
          "private": "eyJlMmJmYjczMC1lY2FhLTExZTYtOGY4OC0zNDM2M2JjN2M0YzAiOnsiY3JlYXRlIjoxODAwMDAwMDAwMDAwLCJkZWxldGUiOjE4MDAwMDAwMDAwMDAsInJlYWQiOjMwMDAwMDAwMDAwMCwidXBkYXRlIjoxODAwMDAwMDAwMDAwfX0=",
          "dependencies": [
            "module.resource_groups.azurerm_resource_group.windows_rg"
          ]
        }
      ]
    },
    {
      "module": "module.windows_vms",
      "mode": "managed",
      "type": "azurerm_network_interface",
      "name": "windows_nic",
      "provider": "provider[\"registry.terraform.io/hashicorp/azurerm\"]",
      "instances": [
        {
          "index_key": 0,
          "schema_version": 0,
          "attributes": {
            "accelerated_networking_enabled": false,
            "applied_dns_servers": [],
            "auxiliary_mode": "",
            "auxiliary_sku": "",
            "dns_servers": [],
            "edge_zone": "",
            "enable_accelerated_networking": false,
            "enable_ip_forwarding": false,
            "id": "/subscriptions/3d97f65a-afbb-4425-a348-09a93517d949/resourceGroups/windows-rg/providers/Microsoft.Network/networkInterfaces/n01672273-w-vm-nic-1",
            "internal_dns_name_label": "",
            "internal_domain_name_suffix": "qbqv1xshlt5edd1qfj0eqktzxc.ux.internal.cloudapp.net",
            "ip_configuration": [
              {
                "gateway_load_balancer_frontend_ip_configuration_id": "",
                "name": "n01672273-w-vm-ipconfig-1",
                "primary": true,
                "private_ip_address": "10.0.1.4",
                "private_ip_address_allocation": "Dynamic",
                "private_ip_address_version": "IPv4",
                "public_ip_address_id": "/subscriptions/3d97f65a-afbb-4425-a348-09a93517d949/resourceGroups/windows-rg/providers/Microsoft.Network/publicIPAddresses/n01672273-w-vm-pip-1",
                "subnet_id": "/subscriptions/3d97f65a-afbb-4425-a348-09a93517d949/resourceGroups/network-rg/providers/Microsoft.Network/virtualNetworks/network-vnet/subnets/network-subnet2"
              }
            ],
            "ip_forwarding_enabled": false,
            "location": "canadacentral",
            "mac_address": "",
            "name": "n01672273-w-vm-nic-1",
            "private_ip_address": "10.0.1.4",
            "private_ip_addresses": [
              "10.0.1.4"
            ],
            "resource_group_name": "windows-rg",
            "tags": null,
            "timeouts": null,
            "virtual_machine_id": ""
          },
          "sensitive_attributes": [],
          "private": "eyJlMmJmYjczMC1lY2FhLTExZTYtOGY4OC0zNDM2M2JjN2M0YzAiOnsiY3JlYXRlIjoxODAwMDAwMDAwMDAwLCJkZWxldGUiOjE4MDAwMDAwMDAwMDAsInJlYWQiOjMwMDAwMDAwMDAwMCwidXBkYXRlIjoxODAwMDAwMDAwMDAwfX0=",
          "dependencies": [
            "module.network.azurerm_subnet.subnet2",
            "module.network.azurerm_virtual_network.vnet",
            "module.resource_groups.azurerm_resource_group.network_rg",
            "module.resource_groups.azurerm_resource_group.windows_rg",
            "module.windows_vms.azurerm_public_ip.windows_public_ip"
          ]
        }
      ]
    },
    {
      "module": "module.windows_vms",
      "mode": "managed",
      "type": "azurerm_public_ip",
      "name": "windows_public_ip",
      "provider": "provider[\"registry.terraform.io/hashicorp/azurerm\"]",
      "instances": [
        {
          "index_key": 0,
          "schema_version": 0,
          "attributes": {
            "allocation_method": "Dynamic",
            "ddos_protection_mode": "VirtualNetworkInherited",
            "ddos_protection_plan_id": null,
            "domain_name_label": "n01672273-w-vm-1",
            "edge_zone": "",
            "fqdn": "n01672273-w-vm-1.canadacentral.cloudapp.azure.com",
            "id": "/subscriptions/3d97f65a-afbb-4425-a348-09a93517d949/resourceGroups/windows-rg/providers/Microsoft.Network/publicIPAddresses/n01672273-w-vm-pip-1",
            "idle_timeout_in_minutes": 4,
            "ip_address": "",
            "ip_tags": null,
            "ip_version": "IPv4",
            "location": "canadacentral",
            "name": "n01672273-w-vm-pip-1",
            "public_ip_prefix_id": null,
            "resource_group_name": "windows-rg",
            "reverse_fqdn": "",
            "sku": "Basic",
            "sku_tier": "Regional",
            "tags": null,
            "timeouts": null,
            "zones": null
          },
          "sensitive_attributes": [],
          "private": "eyJlMmJmYjczMC1lY2FhLTExZTYtOGY4OC0zNDM2M2JjN2M0YzAiOnsiY3JlYXRlIjoxODAwMDAwMDAwMDAwLCJkZWxldGUiOjE4MDAwMDAwMDAwMDAsInJlYWQiOjMwMDAwMDAwMDAwMCwidXBkYXRlIjoxODAwMDAwMDAwMDAwfX0=",
          "dependencies": [
            "module.resource_groups.azurerm_resource_group.windows_rg"
          ]
        }
      ]
    },
    {
      "module": "module.windows_vms",
      "mode": "managed",
      "type": "azurerm_windows_virtual_machine",
      "name": "windows_vm",
      "provider": "provider[\"registry.terraform.io/hashicorp/azurerm\"]",
      "instances": [
        {
          "index_key": 0,
          "schema_version": 0,
          "attributes": {
            "additional_capabilities": [],
            "additional_unattend_content": [],
            "admin_password": "T1n@1980",
            "admin_username": "n01672273",
            "allow_extension_operations": true,
            "availability_set_id": "/subscriptions/3d97f65a-afbb-4425-a348-09a93517d949/resourceGroups/windows-rg/providers/Microsoft.Compute/availabilitySets/WINDOWS_AVAILABILITY_SET",
            "boot_diagnostics": [],
            "bypass_platform_safety_checks_on_user_schedule_enabled": false,
            "capacity_reservation_group_id": "",
            "computer_name": "n01672273-w-vm1",
            "custom_data": null,
            "dedicated_host_group_id": "",
            "dedicated_host_id": "",
            "disk_controller_type": "",
            "edge_zone": "",
            "enable_automatic_updates": true,
            "encryption_at_host_enabled": false,
            "eviction_policy": "",
            "extensions_time_budget": "PT1H30M",
            "gallery_application": [],
            "hotpatching_enabled": false,
            "id": "/subscriptions/3d97f65a-afbb-4425-a348-09a93517d949/resourceGroups/windows-rg/providers/Microsoft.Compute/virtualMachines/n01672273-w-vm1",
            "identity": [],
            "license_type": "",
            "location": "canadacentral",
            "max_bid_price": -1,
            "name": "n01672273-w-vm1",
            "network_interface_ids": [
              "/subscriptions/3d97f65a-afbb-4425-a348-09a93517d949/resourceGroups/windows-rg/providers/Microsoft.Network/networkInterfaces/n01672273-w-vm-nic-1"
            ],
            "os_disk": [
              {
                "caching": "ReadWrite",
                "diff_disk_settings": [],
                "disk_encryption_set_id": "",
                "disk_size_gb": 128,
                "name": "n01672273-w-vm-os-disk-1",
                "secure_vm_disk_encryption_set_id": "",
                "security_encryption_type": "",
                "storage_account_type": "StandardSSD_LRS",
                "write_accelerator_enabled": false
              }
            ],
            "os_image_notification": [],
            "patch_assessment_mode": "ImageDefault",
            "patch_mode": "AutomaticByOS",
            "plan": [],
            "platform_fault_domain": -1,
            "priority": "Regular",
            "private_ip_address": "10.0.1.4",
            "private_ip_addresses": [
              "10.0.1.4"
            ],
            "provision_vm_agent": true,
            "proximity_placement_group_id": "",
            "public_ip_address": "4.205.219.20",
            "public_ip_addresses": [
              "4.205.219.20"
            ],
            "reboot_setting": "",
            "resource_group_name": "windows-rg",
            "secret": [],
            "secure_boot_enabled": false,
            "size": "Standard_B1s",
            "source_image_id": "",
            "source_image_reference": [
              {
                "offer": "WindowsServer",
                "publisher": "MicrosoftWindowsServer",
                "sku": "2019-Datacenter",
                "version": "latest"
              }
            ],
            "tags": null,
            "termination_notification": null,
            "timeouts": null,
            "timezone": "",
            "user_data": "",
            "virtual_machine_id": "036dd889-fc96-4068-bbc0-d7f239823874",
            "virtual_machine_scale_set_id": "",
            "vm_agent_platform_updates_enabled": false,
            "vtpm_enabled": false,
            "winrm_listener": [
              {
                "certificate_url": "",
                "protocol": "Http"
              }
            ],
            "zone": ""
          },
          "sensitive_attributes": [
            [
              {
                "type": "get_attr",
                "value": "admin_password"
              }
            ],
            [
              {
                "type": "get_attr",
                "value": "custom_data"
              }
            ]
          ],
          "private": "eyJlMmJmYjczMC1lY2FhLTExZTYtOGY4OC0zNDM2M2JjN2M0YzAiOnsiY3JlYXRlIjoyNzAwMDAwMDAwMDAwLCJkZWxldGUiOjI3MDAwMDAwMDAwMDAsInJlYWQiOjMwMDAwMDAwMDAwMCwidXBkYXRlIjoyNzAwMDAwMDAwMDAwfX0=",
          "dependencies": [
            "module.network.azurerm_subnet.subnet2",
            "module.network.azurerm_virtual_network.vnet",
            "module.resource_groups.azurerm_resource_group.network_rg",
            "module.resource_groups.azurerm_resource_group.windows_rg",
            "module.windows_vms.azurerm_availability_set.windows_avs",
            "module.windows_vms.azurerm_network_interface.windows_nic",
            "module.windows_vms.azurerm_public_ip.windows_public_ip"
          ]
        }
      ]
    }
  ],
  "check_results": null
}
